
Microsoft Visual Studio Solution File, Format Version 12.00
# Visual Studio Version 17
VisualStudioVersion = 17.1.32228.430
MinimumVisualStudioVersion = 10.0.40219.1
Project("{8BC9CEB8-8B4A-11D0-8D11-00A0C91BC942}") = "HelloWorld", "HelloWorld\HelloWorld.vcxproj", "{CE30AD86-F1EC-4A62-BE1D-3F87CF5F582F}"
EndProject
Project("{8BC9CEB8-8B4A-11D0-8D11-00A0C91BC942}") = "Primitivetype", "Primitivetype\Primitivetype.vcxproj", "{39D6D18F-5DCB-495F-8B97-4584E92602A7}"
EndProject
Project("{8BC9CEB8-8B4A-11D0-8D11-00A0C91BC942}") = "Constants", "Constants\Constants.vcxproj", "{53CBF8B8-06B8-4E1B-9FF1-3FAB22ED46E4}"
EndProject
Project("{8BC9CEB8-8B4A-11D0-8D11-00A0C91BC942}") = "ArraysAndVectors", "ArraysAndVectors\ArraysAndVectors.vcxproj", "{DECFFD6A-619E-4750-9418-C97B41720415}"
EndProject
Project("{8BC9CEB8-8B4A-11D0-8D11-00A0C91BC942}") = "sizeofOprator", "sizeofOprator\sizeofOprator.vcxproj", "{A0D4ADF2-988F-4997-9120-4E5DFB6CE8D0}"
EndProject
Project("{8BC9CEB8-8B4A-11D0-8D11-00A0C91BC942}") = "ExpressionsAndStatements", "ExpressionsAndStatements\ExpressionsAndStatements.vcxproj", "{1CE67B9B-4405-457F-A960-1CDB55712256}"
EndProject
Project("{8BC9CEB8-8B4A-11D0-8D11-00A0C91BC942}") = "ControllingAndProgramFlow", "ControllingAndProgramFlow\ControllingAndProgramFlow.vcxproj", "{1B4912B0-5BD8-4648-90FC-BF4E96CAD79F}"
EndProject
Project("{8BC9CEB8-8B4A-11D0-8D11-00A0C91BC942}") = "loop", "loop\loop.vcxproj", "{A13C7052-AE5A-48AE-A247-63DB198CBCF8}"
EndProject
Project("{8BC9CEB8-8B4A-11D0-8D11-00A0C91BC942}") = "string", "string\string.vcxproj", "{1A635C40-990F-4C28-985F-1E6766C7C3EC}"
EndProject
Project("{8BC9CEB8-8B4A-11D0-8D11-00A0C91BC942}") = "Functions", "Functions\Functions.vcxproj", "{3C5BA331-346C-4864-AC8E-7B03D56157AE}"
EndProject
Project("{8BC9CEB8-8B4A-11D0-8D11-00A0C91BC942}") = "PassbyReferenceAndConst", "PassbyReferenceAndConst\PassbyReferenceAndConst.vcxproj", "{01D3815B-4DEE-46F0-A857-4ECC3E2EDF15}"
EndProject
Project("{8BC9CEB8-8B4A-11D0-8D11-00A0C91BC942}") = "RecursionFactorial", "RecursionFactorial\RecursionFactorial.vcxproj", "{00813799-A171-4A2D-9BB0-3C2700BDC84F}"
EndProject
Project("{8BC9CEB8-8B4A-11D0-8D11-00A0C91BC942}") = "DynamicMemory", "DynamicMemory\DynamicMemory.vcxproj", "{81CFF8EC-9704-42E1-9CCC-2E01E20F05BB}"
EndProject
Project("{8BC9CEB8-8B4A-11D0-8D11-00A0C91BC942}") = "structurepointer", "structurepointer\structurepointer.vcxproj", "{29AC28E3-BC0D-46AF-985D-CC3D203E5BB5}"
EndProject
Project("{8BC9CEB8-8B4A-11D0-8D11-00A0C91BC942}") = "FunctionWithDefeultArument", "FunctionWithDefeultArument\FunctionWithDefeultArument.vcxproj", "{F691D1E3-E634-4ED7-A9EA-54E874C784BE}"
EndProject
Project("{8BC9CEB8-8B4A-11D0-8D11-00A0C91BC942}") = "PassArrayToFunction", "PassArrayToFunction\PassArrayToFunction.vcxproj", "{587CA8D6-3C06-4BFD-A847-AB82448EE55F}"
EndProject
Project("{8BC9CEB8-8B4A-11D0-8D11-00A0C91BC942}") = "AccessingPointerAddressAndStoringAddress", "AccessingPointerAddressAndStoringAddress\AccessingPointerAddressAndStoringAddress.vcxproj", "{6B6E678B-B816-46E9-94A0-0C67965B9664}"
EndProject
Project("{8BC9CEB8-8B4A-11D0-8D11-00A0C91BC942}") = "Class", "Class\Class.vcxproj", "{CAD89454-3FE5-46A0-91DA-3C3B29E5A526}"
EndProject
Project("{8BC9CEB8-8B4A-11D0-8D11-00A0C91BC942}") = "Class Player", "Class Player\Class Player.vcxproj", "{961F48D6-120D-41BA-98A4-D0F2F9A47480}"
EndProject
Project("{8BC9CEB8-8B4A-11D0-8D11-00A0C91BC942}") = "DefeaultConstructor", "DefeaultConstructor\DefeaultConstructor.vcxproj", "{9CC8849D-DFAC-4E2A-B30C-1FDCA4DBA3B0}"
EndProject
Project("{8BC9CEB8-8B4A-11D0-8D11-00A0C91BC942}") = "ConstructorInitialization", "ConstructorInitialization\ConstructorInitialization.vcxproj", "{31C18B02-1B13-4AE1-95E1-E47979804143}"
EndProject
Project("{8BC9CEB8-8B4A-11D0-8D11-00A0C91BC942}") = "CopyConstructor", "CopyConstructor\CopyConstructor.vcxproj", "{89A86EAF-2741-479D-8C52-734DD506ABC0}"
EndProject
Project("{8BC9CEB8-8B4A-11D0-8D11-00A0C91BC942}") = "ShellowCopy", "ShellowCopy\ShellowCopy.vcxproj", "{8C83CBF1-A905-4290-9C6E-18C30958E551}"
EndProject
Project("{8BC9CEB8-8B4A-11D0-8D11-00A0C91BC942}") = "Inheritance", "Inheritance\Inheritance.vcxproj", "{F4C4EA2D-F2D2-43F6-9B61-79B049D7289B}"
EndProject
Global
	GlobalSection(SolutionConfigurationPlatforms) = preSolution
		Debug|x64 = Debug|x64
		Debug|x86 = Debug|x86
		Release|x64 = Release|x64
		Release|x86 = Release|x86
	EndGlobalSection
	GlobalSection(ProjectConfigurationPlatforms) = postSolution
		{CE30AD86-F1EC-4A62-BE1D-3F87CF5F582F}.Debug|x64.ActiveCfg = Debug|x64
		{CE30AD86-F1EC-4A62-BE1D-3F87CF5F582F}.Debug|x64.Build.0 = Debug|x64
		{CE30AD86-F1EC-4A62-BE1D-3F87CF5F582F}.Debug|x86.ActiveCfg = Debug|Win32
		{CE30AD86-F1EC-4A62-BE1D-3F87CF5F582F}.Debug|x86.Build.0 = Debug|Win32
		{CE30AD86-F1EC-4A62-BE1D-3F87CF5F582F}.Release|x64.ActiveCfg = Release|x64
		{CE30AD86-F1EC-4A62-BE1D-3F87CF5F582F}.Release|x64.Build.0 = Release|x64
		{CE30AD86-F1EC-4A62-BE1D-3F87CF5F582F}.Release|x86.ActiveCfg = Release|Win32
		{CE30AD86-F1EC-4A62-BE1D-3F87CF5F582F}.Release|x86.Build.0 = Release|Win32
		{39D6D18F-5DCB-495F-8B97-4584E92602A7}.Debug|x64.ActiveCfg = Debug|x64
		{39D6D18F-5DCB-495F-8B97-4584E92602A7}.Debug|x64.Build.0 = Debug|x64
		{39D6D18F-5DCB-495F-8B97-4584E92602A7}.Debug|x86.ActiveCfg = Debug|Win32
		{39D6D18F-5DCB-495F-8B97-4584E92602A7}.Debug|x86.Build.0 = Debug|Win32
		{39D6D18F-5DCB-495F-8B97-4584E92602A7}.Release|x64.ActiveCfg = Release|x64
		{39D6D18F-5DCB-495F-8B97-4584E92602A7}.Release|x64.Build.0 = Release|x64
		{39D6D18F-5DCB-495F-8B97-4584E92602A7}.Release|x86.ActiveCfg = Release|Win32
		{39D6D18F-5DCB-495F-8B97-4584E92602A7}.Release|x86.Build.0 = Release|Win32
		{53CBF8B8-06B8-4E1B-9FF1-3FAB22ED46E4}.Debug|x64.ActiveCfg = Debug|x64
		{53CBF8B8-06B8-4E1B-9FF1-3FAB22ED46E4}.Debug|x64.Build.0 = Debug|x64
		{53CBF8B8-06B8-4E1B-9FF1-3FAB22ED46E4}.Debug|x86.ActiveCfg = Debug|Win32
		{53CBF8B8-06B8-4E1B-9FF1-3FAB22ED46E4}.Debug|x86.Build.0 = Debug|Win32
		{53CBF8B8-06B8-4E1B-9FF1-3FAB22ED46E4}.Release|x64.ActiveCfg = Release|x64
		{53CBF8B8-06B8-4E1B-9FF1-3FAB22ED46E4}.Release|x64.Build.0 = Release|x64
		{53CBF8B8-06B8-4E1B-9FF1-3FAB22ED46E4}.Release|x86.ActiveCfg = Release|Win32
		{53CBF8B8-06B8-4E1B-9FF1-3FAB22ED46E4}.Release|x86.Build.0 = Release|Win32
		{DECFFD6A-619E-4750-9418-C97B41720415}.Debug|x64.ActiveCfg = Debug|x64
		{DECFFD6A-619E-4750-9418-C97B41720415}.Debug|x64.Build.0 = Debug|x64
		{DECFFD6A-619E-4750-9418-C97B41720415}.Debug|x86.ActiveCfg = Debug|Win32
		{DECFFD6A-619E-4750-9418-C97B41720415}.Debug|x86.Build.0 = Debug|Win32
		{DECFFD6A-619E-4750-9418-C97B41720415}.Release|x64.ActiveCfg = Release|x64
		{DECFFD6A-619E-4750-9418-C97B41720415}.Release|x64.Build.0 = Release|x64
		{DECFFD6A-619E-4750-9418-C97B41720415}.Release|x86.ActiveCfg = Release|Win32
		{DECFFD6A-619E-4750-9418-C97B41720415}.Release|x86.Build.0 = Release|Win32
		{A0D4ADF2-988F-4997-9120-4E5DFB6CE8D0}.Debug|x64.ActiveCfg = Debug|x64
		{A0D4ADF2-988F-4997-9120-4E5DFB6CE8D0}.Debug|x64.Build.0 = Debug|x64
		{A0D4ADF2-988F-4997-9120-4E5DFB6CE8D0}.Debug|x86.ActiveCfg = Debug|Win32
		{A0D4ADF2-988F-4997-9120-4E5DFB6CE8D0}.Debug|x86.Build.0 = Debug|Win32
		{A0D4ADF2-988F-4997-9120-4E5DFB6CE8D0}.Release|x64.ActiveCfg = Release|x64
		{A0D4ADF2-988F-4997-9120-4E5DFB6CE8D0}.Release|x64.Build.0 = Release|x64
		{A0D4ADF2-988F-4997-9120-4E5DFB6CE8D0}.Release|x86.ActiveCfg = Release|Win32
		{A0D4ADF2-988F-4997-9120-4E5DFB6CE8D0}.Release|x86.Build.0 = Release|Win32
		{1CE67B9B-4405-457F-A960-1CDB55712256}.Debug|x64.ActiveCfg = Debug|x64
		{1CE67B9B-4405-457F-A960-1CDB55712256}.Debug|x64.Build.0 = Debug|x64
		{1CE67B9B-4405-457F-A960-1CDB55712256}.Debug|x86.ActiveCfg = Debug|Win32
		{1CE67B9B-4405-457F-A960-1CDB55712256}.Debug|x86.Build.0 = Debug|Win32
		{1CE67B9B-4405-457F-A960-1CDB55712256}.Release|x64.ActiveCfg = Release|x64
		{1CE67B9B-4405-457F-A960-1CDB55712256}.Release|x64.Build.0 = Release|x64
		{1CE67B9B-4405-457F-A960-1CDB55712256}.Release|x86.ActiveCfg = Release|Win32
		{1CE67B9B-4405-457F-A960-1CDB55712256}.Release|x86.Build.0 = Release|Win32
		{1B4912B0-5BD8-4648-90FC-BF4E96CAD79F}.Debug|x64.ActiveCfg = Debug|x64
		{1B4912B0-5BD8-4648-90FC-BF4E96CAD79F}.Debug|x64.Build.0 = Debug|x64
		{1B4912B0-5BD8-4648-90FC-BF4E96CAD79F}.Debug|x86.ActiveCfg = Debug|Win32
		{1B4912B0-5BD8-4648-90FC-BF4E96CAD79F}.Debug|x86.Build.0 = Debug|Win32
		{1B4912B0-5BD8-4648-90FC-BF4E96CAD79F}.Release|x64.ActiveCfg = Release|x64
		{1B4912B0-5BD8-4648-90FC-BF4E96CAD79F}.Release|x64.Build.0 = Release|x64
		{1B4912B0-5BD8-4648-90FC-BF4E96CAD79F}.Release|x86.ActiveCfg = Release|Win32
		{1B4912B0-5BD8-4648-90FC-BF4E96CAD79F}.Release|x86.Build.0 = Release|Win32
		{A13C7052-AE5A-48AE-A247-63DB198CBCF8}.Debug|x64.ActiveCfg = Debug|x64
		{A13C7052-AE5A-48AE-A247-63DB198CBCF8}.Debug|x64.Build.0 = Debug|x64
		{A13C7052-AE5A-48AE-A247-63DB198CBCF8}.Debug|x86.ActiveCfg = Debug|Win32
		{A13C7052-AE5A-48AE-A247-63DB198CBCF8}.Debug|x86.Build.0 = Debug|Win32
		{A13C7052-AE5A-48AE-A247-63DB198CBCF8}.Release|x64.ActiveCfg = Release|x64
		{A13C7052-AE5A-48AE-A247-63DB198CBCF8}.Release|x64.Build.0 = Release|x64
		{A13C7052-AE5A-48AE-A247-63DB198CBCF8}.Release|x86.ActiveCfg = Release|Win32
		{A13C7052-AE5A-48AE-A247-63DB198CBCF8}.Release|x86.Build.0 = Release|Win32
		{1A635C40-990F-4C28-985F-1E6766C7C3EC}.Debug|x64.ActiveCfg = Debug|x64
		{1A635C40-990F-4C28-985F-1E6766C7C3EC}.Debug|x64.Build.0 = Debug|x64
		{1A635C40-990F-4C28-985F-1E6766C7C3EC}.Debug|x86.ActiveCfg = Debug|Win32
		{1A635C40-990F-4C28-985F-1E6766C7C3EC}.Debug|x86.Build.0 = Debug|Win32
		{1A635C40-990F-4C28-985F-1E6766C7C3EC}.Release|x64.ActiveCfg = Release|x64
		{1A635C40-990F-4C28-985F-1E6766C7C3EC}.Release|x64.Build.0 = Release|x64
		{1A635C40-990F-4C28-985F-1E6766C7C3EC}.Release|x86.ActiveCfg = Release|Win32
		{1A635C40-990F-4C28-985F-1E6766C7C3EC}.Release|x86.Build.0 = Release|Win32
		{3C5BA331-346C-4864-AC8E-7B03D56157AE}.Debug|x64.ActiveCfg = Debug|x64
		{3C5BA331-346C-4864-AC8E-7B03D56157AE}.Debug|x64.Build.0 = Debug|x64
		{3C5BA331-346C-4864-AC8E-7B03D56157AE}.Debug|x86.ActiveCfg = Debug|Win32
		{3C5BA331-346C-4864-AC8E-7B03D56157AE}.Debug|x86.Build.0 = Debug|Win32
		{3C5BA331-346C-4864-AC8E-7B03D56157AE}.Release|x64.ActiveCfg = Release|x64
		{3C5BA331-346C-4864-AC8E-7B03D56157AE}.Release|x64.Build.0 = Release|x64
		{3C5BA331-346C-4864-AC8E-7B03D56157AE}.Release|x86.ActiveCfg = Release|Win32
		{3C5BA331-346C-4864-AC8E-7B03D56157AE}.Release|x86.Build.0 = Release|Win32
		{01D3815B-4DEE-46F0-A857-4ECC3E2EDF15}.Debug|x64.ActiveCfg = Debug|x64
		{01D3815B-4DEE-46F0-A857-4ECC3E2EDF15}.Debug|x64.Build.0 = Debug|x64
		{01D3815B-4DEE-46F0-A857-4ECC3E2EDF15}.Debug|x86.ActiveCfg = Debug|Win32
		{01D3815B-4DEE-46F0-A857-4ECC3E2EDF15}.Debug|x86.Build.0 = Debug|Win32
		{01D3815B-4DEE-46F0-A857-4ECC3E2EDF15}.Release|x64.ActiveCfg = Release|x64
		{01D3815B-4DEE-46F0-A857-4ECC3E2EDF15}.Release|x64.Build.0 = Release|x64
		{01D3815B-4DEE-46F0-A857-4ECC3E2EDF15}.Release|x86.ActiveCfg = Release|Win32
		{01D3815B-4DEE-46F0-A857-4ECC3E2EDF15}.Release|x86.Build.0 = Release|Win32
		{00813799-A171-4A2D-9BB0-3C2700BDC84F}.Debug|x64.ActiveCfg = Debug|x64
		{00813799-A171-4A2D-9BB0-3C2700BDC84F}.Debug|x64.Build.0 = Debug|x64
		{00813799-A171-4A2D-9BB0-3C2700BDC84F}.Debug|x86.ActiveCfg = Debug|Win32
		{00813799-A171-4A2D-9BB0-3C2700BDC84F}.Debug|x86.Build.0 = Debug|Win32
		{00813799-A171-4A2D-9BB0-3C2700BDC84F}.Release|x64.ActiveCfg = Release|x64
		{00813799-A171-4A2D-9BB0-3C2700BDC84F}.Release|x64.Build.0 = Release|x64
		{00813799-A171-4A2D-9BB0-3C2700BDC84F}.Release|x86.ActiveCfg = Release|Win32
		{00813799-A171-4A2D-9BB0-3C2700BDC84F}.Release|x86.Build.0 = Release|Win32
		{81CFF8EC-9704-42E1-9CCC-2E01E20F05BB}.Debug|x64.ActiveCfg = Debug|x64
		{81CFF8EC-9704-42E1-9CCC-2E01E20F05BB}.Debug|x64.Build.0 = Debug|x64
		{81CFF8EC-9704-42E1-9CCC-2E01E20F05BB}.Debug|x86.ActiveCfg = Debug|Win32
		{81CFF8EC-9704-42E1-9CCC-2E01E20F05BB}.Debug|x86.Build.0 = Debug|Win32
		{81CFF8EC-9704-42E1-9CCC-2E01E20F05BB}.Release|x64.ActiveCfg = Release|x64
		{81CFF8EC-9704-42E1-9CCC-2E01E20F05BB}.Release|x64.Build.0 = Release|x64
		{81CFF8EC-9704-42E1-9CCC-2E01E20F05BB}.Release|x86.ActiveCfg = Release|Win32
		{81CFF8EC-9704-42E1-9CCC-2E01E20F05BB}.Release|x86.Build.0 = Release|Win32
		{29AC28E3-BC0D-46AF-985D-CC3D203E5BB5}.Debug|x64.ActiveCfg = Debug|x64
		{29AC28E3-BC0D-46AF-985D-CC3D203E5BB5}.Debug|x64.Build.0 = Debug|x64
		{29AC28E3-BC0D-46AF-985D-CC3D203E5BB5}.Debug|x86.ActiveCfg = Debug|Win32
		{29AC28E3-BC0D-46AF-985D-CC3D203E5BB5}.Debug|x86.Build.0 = Debug|Win32
		{29AC28E3-BC0D-46AF-985D-CC3D203E5BB5}.Release|x64.ActiveCfg = Release|x64
		{29AC28E3-BC0D-46AF-985D-CC3D203E5BB5}.Release|x64.Build.0 = Release|x64
		{29AC28E3-BC0D-46AF-985D-CC3D203E5BB5}.Release|x86.ActiveCfg = Release|Win32
		{29AC28E3-BC0D-46AF-985D-CC3D203E5BB5}.Release|x86.Build.0 = Release|Win32
		{F691D1E3-E634-4ED7-A9EA-54E874C784BE}.Debug|x64.ActiveCfg = Debug|x64
		{F691D1E3-E634-4ED7-A9EA-54E874C784BE}.Debug|x64.Build.0 = Debug|x64
		{F691D1E3-E634-4ED7-A9EA-54E874C784BE}.Debug|x86.ActiveCfg = Debug|Win32
		{F691D1E3-E634-4ED7-A9EA-54E874C784BE}.Debug|x86.Build.0 = Debug|Win32
		{F691D1E3-E634-4ED7-A9EA-54E874C784BE}.Release|x64.ActiveCfg = Release|x64
		{F691D1E3-E634-4ED7-A9EA-54E874C784BE}.Release|x64.Build.0 = Release|x64
		{F691D1E3-E634-4ED7-A9EA-54E874C784BE}.Release|x86.ActiveCfg = Release|Win32
		{F691D1E3-E634-4ED7-A9EA-54E874C784BE}.Release|x86.Build.0 = Release|Win32
		{587CA8D6-3C06-4BFD-A847-AB82448EE55F}.Debug|x64.ActiveCfg = Debug|x64
		{587CA8D6-3C06-4BFD-A847-AB82448EE55F}.Debug|x64.Build.0 = Debug|x64
		{587CA8D6-3C06-4BFD-A847-AB82448EE55F}.Debug|x86.ActiveCfg = Debug|Win32
		{587CA8D6-3C06-4BFD-A847-AB82448EE55F}.Debug|x86.Build.0 = Debug|Win32
		{587CA8D6-3C06-4BFD-A847-AB82448EE55F}.Release|x64.ActiveCfg = Release|x64
		{587CA8D6-3C06-4BFD-A847-AB82448EE55F}.Release|x64.Build.0 = Release|x64
		{587CA8D6-3C06-4BFD-A847-AB82448EE55F}.Release|x86.ActiveCfg = Release|Win32
		{587CA8D6-3C06-4BFD-A847-AB82448EE55F}.Release|x86.Build.0 = Release|Win32
		{6B6E678B-B816-46E9-94A0-0C67965B9664}.Debug|x64.ActiveCfg = Debug|x64
		{6B6E678B-B816-46E9-94A0-0C67965B9664}.Debug|x64.Build.0 = Debug|x64
		{6B6E678B-B816-46E9-94A0-0C67965B9664}.Debug|x86.ActiveCfg = Debug|Win32
		{6B6E678B-B816-46E9-94A0-0C67965B9664}.Debug|x86.Build.0 = Debug|Win32
		{6B6E678B-B816-46E9-94A0-0C67965B9664}.Release|x64.ActiveCfg = Release|x64
		{6B6E678B-B816-46E9-94A0-0C67965B9664}.Release|x64.Build.0 = Release|x64
		{6B6E678B-B816-46E9-94A0-0C67965B9664}.Release|x86.ActiveCfg = Release|Win32
		{6B6E678B-B816-46E9-94A0-0C67965B9664}.Release|x86.Build.0 = Release|Win32
		{CAD89454-3FE5-46A0-91DA-3C3B29E5A526}.Debug|x64.ActiveCfg = Debug|x64
		{CAD89454-3FE5-46A0-91DA-3C3B29E5A526}.Debug|x64.Build.0 = Debug|x64
		{CAD89454-3FE5-46A0-91DA-3C3B29E5A526}.Debug|x86.ActiveCfg = Debug|Win32
		{CAD89454-3FE5-46A0-91DA-3C3B29E5A526}.Debug|x86.Build.0 = Debug|Win32
		{CAD89454-3FE5-46A0-91DA-3C3B29E5A526}.Release|x64.ActiveCfg = Release|x64
		{CAD89454-3FE5-46A0-91DA-3C3B29E5A526}.Release|x64.Build.0 = Release|x64
		{CAD89454-3FE5-46A0-91DA-3C3B29E5A526}.Release|x86.ActiveCfg = Release|Win32
		{CAD89454-3FE5-46A0-91DA-3C3B29E5A526}.Release|x86.Build.0 = Release|Win32
		{961F48D6-120D-41BA-98A4-D0F2F9A47480}.Debug|x64.ActiveCfg = Debug|x64
		{961F48D6-120D-41BA-98A4-D0F2F9A47480}.Debug|x64.Build.0 = Debug|x64
		{961F48D6-120D-41BA-98A4-D0F2F9A47480}.Debug|x86.ActiveCfg = Debug|Win32
		{961F48D6-120D-41BA-98A4-D0F2F9A47480}.Debug|x86.Build.0 = Debug|Win32
		{961F48D6-120D-41BA-98A4-D0F2F9A47480}.Release|x64.ActiveCfg = Release|x64
		{961F48D6-120D-41BA-98A4-D0F2F9A47480}.Release|x64.Build.0 = Release|x64
		{961F48D6-120D-41BA-98A4-D0F2F9A47480}.Release|x86.ActiveCfg = Release|Win32
		{961F48D6-120D-41BA-98A4-D0F2F9A47480}.Release|x86.Build.0 = Release|Win32
		{9CC8849D-DFAC-4E2A-B30C-1FDCA4DBA3B0}.Debug|x64.ActiveCfg = Debug|x64
		{9CC8849D-DFAC-4E2A-B30C-1FDCA4DBA3B0}.Debug|x64.Build.0 = Debug|x64
		{9CC8849D-DFAC-4E2A-B30C-1FDCA4DBA3B0}.Debug|x86.ActiveCfg = Debug|Win32
		{9CC8849D-DFAC-4E2A-B30C-1FDCA4DBA3B0}.Debug|x86.Build.0 = Debug|Win32
		{9CC8849D-DFAC-4E2A-B30C-1FDCA4DBA3B0}.Release|x64.ActiveCfg = Release|x64
		{9CC8849D-DFAC-4E2A-B30C-1FDCA4DBA3B0}.Release|x64.Build.0 = Release|x64
		{9CC8849D-DFAC-4E2A-B30C-1FDCA4DBA3B0}.Release|x86.ActiveCfg = Release|Win32
		{9CC8849D-DFAC-4E2A-B30C-1FDCA4DBA3B0}.Release|x86.Build.0 = Release|Win32
		{31C18B02-1B13-4AE1-95E1-E47979804143}.Debug|x64.ActiveCfg = Debug|x64
		{31C18B02-1B13-4AE1-95E1-E47979804143}.Debug|x64.Build.0 = Debug|x64
		{31C18B02-1B13-4AE1-95E1-E47979804143}.Debug|x86.ActiveCfg = Debug|Win32
		{31C18B02-1B13-4AE1-95E1-E47979804143}.Debug|x86.Build.0 = Debug|Win32
		{31C18B02-1B13-4AE1-95E1-E47979804143}.Release|x64.ActiveCfg = Release|x64
		{31C18B02-1B13-4AE1-95E1-E47979804143}.Release|x64.Build.0 = Release|x64
		{31C18B02-1B13-4AE1-95E1-E47979804143}.Release|x86.ActiveCfg = Release|Win32
		{31C18B02-1B13-4AE1-95E1-E47979804143}.Release|x86.Build.0 = Release|Win32
		{89A86EAF-2741-479D-8C52-734DD506ABC0}.Debug|x64.ActiveCfg = Debug|x64
		{89A86EAF-2741-479D-8C52-734DD506ABC0}.Debug|x64.Build.0 = Debug|x64
		{89A86EAF-2741-479D-8C52-734DD506ABC0}.Debug|x86.ActiveCfg = Debug|Win32
		{89A86EAF-2741-479D-8C52-734DD506ABC0}.Debug|x86.Build.0 = Debug|Win32
		{89A86EAF-2741-479D-8C52-734DD506ABC0}.Release|x64.ActiveCfg = Release|x64
		{89A86EAF-2741-479D-8C52-734DD506ABC0}.Release|x64.Build.0 = Release|x64
		{89A86EAF-2741-479D-8C52-734DD506ABC0}.Release|x86.ActiveCfg = Release|Win32
		{89A86EAF-2741-479D-8C52-734DD506ABC0}.Release|x86.Build.0 = Release|Win32
		{8C83CBF1-A905-4290-9C6E-18C30958E551}.Debug|x64.ActiveCfg = Debug|x64
		{8C83CBF1-A905-4290-9C6E-18C30958E551}.Debug|x64.Build.0 = Debug|x64
		{8C83CBF1-A905-4290-9C6E-18C30958E551}.Debug|x86.ActiveCfg = Debug|Win32
		{8C83CBF1-A905-4290-9C6E-18C30958E551}.Debug|x86.Build.0 = Debug|Win32
		{8C83CBF1-A905-4290-9C6E-18C30958E551}.Release|x64.ActiveCfg = Release|x64
		{8C83CBF1-A905-4290-9C6E-18C30958E551}.Release|x64.Build.0 = Release|x64
		{8C83CBF1-A905-4290-9C6E-18C30958E551}.Release|x86.ActiveCfg = Release|Win32
		{8C83CBF1-A905-4290-9C6E-18C30958E551}.Release|x86.Build.0 = Release|Win32
		{F4C4EA2D-F2D2-43F6-9B61-79B049D7289B}.Debug|x64.ActiveCfg = Debug|x64
		{F4C4EA2D-F2D2-43F6-9B61-79B049D7289B}.Debug|x64.Build.0 = Debug|x64
		{F4C4EA2D-F2D2-43F6-9B61-79B049D7289B}.Debug|x86.ActiveCfg = Debug|Win32
		{F4C4EA2D-F2D2-43F6-9B61-79B049D7289B}.Debug|x86.Build.0 = Debug|Win32
		{F4C4EA2D-F2D2-43F6-9B61-79B049D7289B}.Release|x64.ActiveCfg = Release|x64
		{F4C4EA2D-F2D2-43F6-9B61-79B049D7289B}.Release|x64.Build.0 = Release|x64
		{F4C4EA2D-F2D2-43F6-9B61-79B049D7289B}.Release|x86.ActiveCfg = Release|Win32
		{F4C4EA2D-F2D2-43F6-9B61-79B049D7289B}.Release|x86.Build.0 = Release|Win32
	EndGlobalSection
	GlobalSection(SolutionProperties) = preSolution
		HideSolutionNode = FALSE
	EndGlobalSection
	GlobalSection(ExtensibilityGlobals) = postSolution
		SolutionGuid = {9E668891-B3F9-4935-A96B-4217542B6EE6}
	EndGlobalSection
EndGlobal
